
Microsoft Visual Studio Solution File, Format Version 12.00
# Visual Studio Version 17
VisualStudioVersion = 17.4.33122.133
MinimumVisualStudioVersion = 10.0.40219.1
Project("{9A19103F-16F7-4668-BE54-9A1E7A4F7556}") = "ShahbazAzureSite", "ShahbazAzureSite.csproj", "{A0CC0E71-233C-45D7-8FCD-B6430B0F188E}"
EndProject
Project("{FAE04EC0-301F-11D3-BF4B-00C04F79EFBC}") = "SiteTests", "UnitTests\SiteTests\SiteTests.csproj", "{FF095283-73BD-4F34-941B-6E56B5B46DF8}"
EndProject
Global
	GlobalSection(SolutionConfigurationPlatforms) = preSolution
		Debug|Any CPU = Debug|Any CPU
		Release|Any CPU = Release|Any CPU
	EndGlobalSection
	GlobalSection(ProjectConfigurationPlatforms) = postSolution
		{A0CC0E71-233C-45D7-8FCD-B6430B0F188E}.Debug|Any CPU.ActiveCfg = Debug|Any CPU
		{A0CC0E71-233C-45D7-8FCD-B6430B0F188E}.Debug|Any CPU.Build.0 = Debug|Any CPU
		{A0CC0E71-233C-45D7-8FCD-B6430B0F188E}.Release|Any CPU.ActiveCfg = Release|Any CPU
		{A0CC0E71-233C-45D7-8FCD-B6430B0F188E}.Release|Any CPU.Build.0 = Release|Any CPU
		{FF095283-73BD-4F34-941B-6E56B5B46DF8}.Debug|Any CPU.ActiveCfg = Debug|Any CPU
		{FF095283-73BD-4F34-941B-6E56B5B46DF8}.Debug|Any CPU.Build.0 = Debug|Any CPU
		{FF095283-73BD-4F34-941B-6E56B5B46DF8}.Release|Any CPU.ActiveCfg = Release|Any CPU
		{FF095283-73BD-4F34-941B-6E56B5B46DF8}.Release|Any CPU.Build.0 = Release|Any CPU
	EndGlobalSection
	GlobalSection(SolutionProperties) = preSolution
		HideSolutionNode = FALSE
	EndGlobalSection
	GlobalSection(ExtensibilityGlobals) = postSolution
		SolutionGuid = {2F5E76BF-67A4-48C2-B2B9-4F21F23C7C1B}
	EndGlobalSection
EndGlobal
